
Microsoft Visual Studio Solution File, Format Version 12.00
# Visual Studio Version 16
VisualStudioVersion = 16.0.31729.503
MinimumVisualStudioVersion = 10.0.40219.1
Project("{FAE04EC0-301F-11D3-BF4B-00C04F79EFBC}") = "School", "School.csproj", "{92E7B9A2-986D-4DF0-ADAC-FDE1938A2F72}"
EndProject
Global
	GlobalSection(SolutionConfigurationPlatforms) = preSolution
		Debug|Any CPU = Debug|Any CPU
		Release|Any CPU = Release|Any CPU
	EndGlobalSection
	GlobalSection(ProjectConfigurationPlatforms) = postSolution
		{92E7B9A2-986D-4DF0-ADAC-FDE1938A2F72}.Debug|Any CPU.ActiveCfg = Debug|Any CPU
		{92E7B9A2-986D-4DF0-ADAC-FDE1938A2F72}.Debug|Any CPU.Build.0 = Debug|Any CPU
		{92E7B9A2-986D-4DF0-ADAC-FDE1938A2F72}.Release|Any CPU.ActiveCfg = Release|Any CPU
		{92E7B9A2-986D-4DF0-ADAC-FDE1938A2F72}.Release|Any CPU.Build.0 = Release|Any CPU
	EndGlobalSection
	GlobalSection(SolutionProperties) = preSolution
		HideSolutionNode = FALSE
	EndGlobalSection
	GlobalSection(ExtensibilityGlobals) = postSolution
		SolutionGuid = {C90D0360-D468-4C09-A9CC-D6F6F1C479BD}
	EndGlobalSection
EndGlobal
